{
  "name": "typesmith",
  "version": "1.0.0",
  "lockfileVersion": 1,
  "requires": true,
  "dependencies": {
    "co": {
      "version": "3.1.0",
      "resolved": "https://registry.npmjs.org/co/-/co-3.1.0.tgz",
      "integrity": "sha1-TqVOpaCJOBUxheFSEMaNkJK8G3g="
    },
    "fast-filter": {
      "version": "1.0.4",
      "resolved": "https://registry.npmjs.org/fast-filter/-/fast-filter-1.0.4.tgz",
      "integrity": "sha1-20YsPo5tPGYwV1LNuIMagciydds="
    },
    "thunkify": {
      "version": "2.1.2",
      "resolved": "https://registry.npmjs.org/thunkify/-/thunkify-2.1.2.tgz",
      "integrity": "sha1-+qDp0jDFGsyVyhOjYawFyn4EVT0="
    },
    "unyield": {
      "version": "0.0.1",
      "resolved": "https://registry.npmjs.org/unyield/-/unyield-0.0.1.tgz",
      "integrity": "sha1-FQ5l2kK/d0JEW5WKZOubhdHSsYA=",
      "requires": {
        "co": "3.1.0"
      }
    },
    "ware": {
      "version": "1.3.0",
      "resolved": "https://registry.npmjs.org/ware/-/ware-1.3.0.tgz",
      "integrity": "sha1-0bFPOdLiy0q4xAmPdW/ksWTkc9Q=",
      "requires": {
        "wrap-fn": "0.1.5"
      }
    },
    "wrap-fn": {
      "version": "0.1.5",
      "resolved": "https://registry.npmjs.org/wrap-fn/-/wrap-fn-0.1.5.tgz",
      "integrity": "sha1-8htuQQFv9KfjFyDbxjoJAWvfmEU=",
      "requires": {
        "co": "3.1.0"
      }
    }
  }
}
